
Microsoft Visual Studio Solution File, Format Version 12.00
# Visual Studio 15
VisualStudioVersion = 15.0.27703.2026
MinimumVisualStudioVersion = 10.0.40219.1
Project("{FAE04EC0-301F-11D3-BF4B-00C04F79EFBC}") = "Spreedsheet", "Spreedsheet.csproj", "{51EE9AB4-FAB5-46ED-9221-F17F675DB462}"
EndProject
Project("{FAE04EC0-301F-11D3-BF4B-00C04F79EFBC}") = "SpreadSheetEngine", "..\SpreedsheetEngine\SpreadSheetEngine.csproj", "{D3111D40-EFFE-4B0E-B202-52DC8756DDFD}"
EndProject
Global
	GlobalSection(SolutionConfigurationPlatforms) = preSolution
		Debug|Any CPU = Debug|Any CPU
		Debug|ARM = Debug|ARM
		Debug|x64 = Debug|x64
		Debug|x86 = Debug|x86
		Release|Any CPU = Release|Any CPU
		Release|ARM = Release|ARM
		Release|x64 = Release|x64
		Release|x86 = Release|x86
	EndGlobalSection
	GlobalSection(ProjectConfigurationPlatforms) = postSolution
		{51EE9AB4-FAB5-46ED-9221-F17F675DB462}.Debug|Any CPU.ActiveCfg = Debug|Any CPU
		{51EE9AB4-FAB5-46ED-9221-F17F675DB462}.Debug|Any CPU.Build.0 = Debug|Any CPU
		{51EE9AB4-FAB5-46ED-9221-F17F675DB462}.Debug|ARM.ActiveCfg = Debug|Any CPU
		{51EE9AB4-FAB5-46ED-9221-F17F675DB462}.Debug|ARM.Build.0 = Debug|Any CPU
		{51EE9AB4-FAB5-46ED-9221-F17F675DB462}.Debug|x64.ActiveCfg = Debug|Any CPU
		{51EE9AB4-FAB5-46ED-9221-F17F675DB462}.Debug|x64.Build.0 = Debug|Any CPU
		{51EE9AB4-FAB5-46ED-9221-F17F675DB462}.Debug|x86.ActiveCfg = Debug|Any CPU
		{51EE9AB4-FAB5-46ED-9221-F17F675DB462}.Debug|x86.Build.0 = Debug|Any CPU
		{51EE9AB4-FAB5-46ED-9221-F17F675DB462}.Release|Any CPU.ActiveCfg = Release|Any CPU
		{51EE9AB4-FAB5-46ED-9221-F17F675DB462}.Release|Any CPU.Build.0 = Release|Any CPU
		{51EE9AB4-FAB5-46ED-9221-F17F675DB462}.Release|ARM.ActiveCfg = Release|Any CPU
		{51EE9AB4-FAB5-46ED-9221-F17F675DB462}.Release|ARM.Build.0 = Release|Any CPU
		{51EE9AB4-FAB5-46ED-9221-F17F675DB462}.Release|x64.ActiveCfg = Release|Any CPU
		{51EE9AB4-FAB5-46ED-9221-F17F675DB462}.Release|x64.Build.0 = Release|Any CPU
		{51EE9AB4-FAB5-46ED-9221-F17F675DB462}.Release|x86.ActiveCfg = Release|Any CPU
		{51EE9AB4-FAB5-46ED-9221-F17F675DB462}.Release|x86.Build.0 = Release|Any CPU
		{D3111D40-EFFE-4B0E-B202-52DC8756DDFD}.Debug|Any CPU.ActiveCfg = Debug|Any CPU
		{D3111D40-EFFE-4B0E-B202-52DC8756DDFD}.Debug|Any CPU.Build.0 = Debug|Any CPU
		{D3111D40-EFFE-4B0E-B202-52DC8756DDFD}.Debug|ARM.ActiveCfg = Debug|Any CPU
		{D3111D40-EFFE-4B0E-B202-52DC8756DDFD}.Debug|ARM.Build.0 = Debug|Any CPU
		{D3111D40-EFFE-4B0E-B202-52DC8756DDFD}.Debug|x64.ActiveCfg = Debug|Any CPU
		{D3111D40-EFFE-4B0E-B202-52DC8756DDFD}.Debug|x64.Build.0 = Debug|Any CPU
		{D3111D40-EFFE-4B0E-B202-52DC8756DDFD}.Debug|x86.ActiveCfg = Debug|Any CPU
		{D3111D40-EFFE-4B0E-B202-52DC8756DDFD}.Debug|x86.Build.0 = Debug|Any CPU
		{D3111D40-EFFE-4B0E-B202-52DC8756DDFD}.Release|Any CPU.ActiveCfg = Release|Any CPU
		{D3111D40-EFFE-4B0E-B202-52DC8756DDFD}.Release|Any CPU.Build.0 = Release|Any CPU
		{D3111D40-EFFE-4B0E-B202-52DC8756DDFD}.Release|ARM.ActiveCfg = Release|Any CPU
		{D3111D40-EFFE-4B0E-B202-52DC8756DDFD}.Release|ARM.Build.0 = Release|Any CPU
		{D3111D40-EFFE-4B0E-B202-52DC8756DDFD}.Release|x64.ActiveCfg = Release|Any CPU
		{D3111D40-EFFE-4B0E-B202-52DC8756DDFD}.Release|x64.Build.0 = Release|Any CPU
		{D3111D40-EFFE-4B0E-B202-52DC8756DDFD}.Release|x86.ActiveCfg = Release|Any CPU
		{D3111D40-EFFE-4B0E-B202-52DC8756DDFD}.Release|x86.Build.0 = Release|Any CPU
	EndGlobalSection
	GlobalSection(SolutionProperties) = preSolution
		HideSolutionNode = FALSE
	EndGlobalSection
	GlobalSection(ExtensibilityGlobals) = postSolution
		SolutionGuid = {E9912768-5372-4A1D-8B5B-05ECF620BF09}
	EndGlobalSection
EndGlobal
