
Microsoft Visual Studio Solution File, Format Version 12.00
# Visual Studio 15
VisualStudioVersion = 15.0.28010.2046
MinimumVisualStudioVersion = 10.0.40219.1
Project("{FAE04EC0-301F-11D3-BF4B-00C04F79EFBC}") = "MergeSort", "MergeSort\MergeSort.csproj", "{42E53B5F-6C20-4130-8275-50986E9CC974}"
EndProject
Global
	GlobalSection(SolutionConfigurationPlatforms) = preSolution
		Debug|Any CPU = Debug|Any CPU
		Release|Any CPU = Release|Any CPU
	EndGlobalSection
	GlobalSection(ProjectConfigurationPlatforms) = postSolution
		{42E53B5F-6C20-4130-8275-50986E9CC974}.Debug|Any CPU.ActiveCfg = Debug|Any CPU
		{42E53B5F-6C20-4130-8275-50986E9CC974}.Debug|Any CPU.Build.0 = Debug|Any CPU
		{42E53B5F-6C20-4130-8275-50986E9CC974}.Release|Any CPU.ActiveCfg = Release|Any CPU
		{42E53B5F-6C20-4130-8275-50986E9CC974}.Release|Any CPU.Build.0 = Release|Any CPU
	EndGlobalSection
	GlobalSection(SolutionProperties) = preSolution
		HideSolutionNode = FALSE
	EndGlobalSection
	GlobalSection(ExtensibilityGlobals) = postSolution
		SolutionGuid = {7DC7AC4B-350C-460D-9D79-49E35DE06716}
	EndGlobalSection
EndGlobal
